Microsoft Visual Studio Solution File, Format Version 12.00
# Visual Studio Version 16
VisualStudioVersion = 16.0.0.0
MinimumVisualStudioVersion = 16.0.0.0
Project("{9A19103F-16F7-4668-BE54-9A1E7A4F7556}") = "Backend", "Backend\Backend.csproj", "{F351BD5B-63FF-4D91-B549-2195E4EDC16C}"
EndProject
Project("{9A19103F-16F7-4668-BE54-9A1E7A4F7556}") = "Frontend", "Frontend\Frontend.csproj", "{3E0799EB-EE96-449F-93FB-E5F3A5BDBFC1}"
EndProject
Project("{FAE04EC0-301F-11D3-BF4B-00C04F79EFBC}") = "Shared", "Shared\Shared.csproj", "{93EAD95A-90A1-4B93-8CDE-9A29DA21A4A2}"
EndProject
Global
	GlobalSection(SolutionConfigurationPlatforms) = preSolution
		Debug|Any CPU = Debug|Any CPU
		Debug|x64 = Debug|x64
		Debug|x86 = Debug|x86
		Release|Any CPU = Release|Any CPU
		Release|x64 = Release|x64
		Release|x86 = Release|x86
	EndGlobalSection
	GlobalSection(ProjectConfigurationPlatforms) = postSolution
		{3E0799EB-EE96-449F-93FB-E5F3A5BDBFC1}.Debug|Any CPU.ActiveCfg = Debug|Any CPU
		{3E0799EB-EE96-449F-93FB-E5F3A5BDBFC1}.Debug|Any CPU.Build.0 = Debug|Any CPU
		{3E0799EB-EE96-449F-93FB-E5F3A5BDBFC1}.Debug|x64.ActiveCfg = Debug|Any CPU
		{3E0799EB-EE96-449F-93FB-E5F3A5BDBFC1}.Debug|x64.Build.0 = Debug|Any CPU
		{3E0799EB-EE96-449F-93FB-E5F3A5BDBFC1}.Debug|x86.ActiveCfg = Debug|Any CPU
		{3E0799EB-EE96-449F-93FB-E5F3A5BDBFC1}.Debug|x86.Build.0 = Debug|Any CPU
		{3E0799EB-EE96-449F-93FB-E5F3A5BDBFC1}.Release|Any CPU.ActiveCfg = Release|Any CPU
		{3E0799EB-EE96-449F-93FB-E5F3A5BDBFC1}.Release|Any CPU.Build.0 = Release|Any CPU
		{3E0799EB-EE96-449F-93FB-E5F3A5BDBFC1}.Release|x64.ActiveCfg = Release|Any CPU
		{3E0799EB-EE96-449F-93FB-E5F3A5BDBFC1}.Release|x64.Build.0 = Release|Any CPU
		{3E0799EB-EE96-449F-93FB-E5F3A5BDBFC1}.Release|x86.ActiveCfg = Release|Any CPU
		{3E0799EB-EE96-449F-93FB-E5F3A5BDBFC1}.Release|x86.Build.0 = Release|Any CPU
		{F351BD5B-63FF-4D91-B549-2195E4EDC16C}.Debug|Any CPU.ActiveCfg = Debug|Any CPU
		{F351BD5B-63FF-4D91-B549-2195E4EDC16C}.Debug|Any CPU.Build.0 = Debug|Any CPU
		{F351BD5B-63FF-4D91-B549-2195E4EDC16C}.Debug|x64.ActiveCfg = Debug|Any CPU
		{F351BD5B-63FF-4D91-B549-2195E4EDC16C}.Debug|x64.Build.0 = Debug|Any CPU
		{F351BD5B-63FF-4D91-B549-2195E4EDC16C}.Debug|x86.ActiveCfg = Debug|Any CPU
		{F351BD5B-63FF-4D91-B549-2195E4EDC16C}.Debug|x86.Build.0 = Debug|Any CPU
		{F351BD5B-63FF-4D91-B549-2195E4EDC16C}.Release|Any CPU.ActiveCfg = Release|Any CPU
		{F351BD5B-63FF-4D91-B549-2195E4EDC16C}.Release|Any CPU.Build.0 = Release|Any CPU
		{F351BD5B-63FF-4D91-B549-2195E4EDC16C}.Release|x64.ActiveCfg = Release|Any CPU
		{F351BD5B-63FF-4D91-B549-2195E4EDC16C}.Release|x64.Build.0 = Release|Any CPU
		{F351BD5B-63FF-4D91-B549-2195E4EDC16C}.Release|x86.ActiveCfg = Release|Any CPU
		{F351BD5B-63FF-4D91-B549-2195E4EDC16C}.Release|x86.Build.0 = Release|Any CPU
		{93EAD95A-90A1-4B93-8CDE-9A29DA21A4A2}.Debug|Any CPU.ActiveCfg = Debug|Any CPU
		{93EAD95A-90A1-4B93-8CDE-9A29DA21A4A2}.Debug|Any CPU.Build.0 = Debug|Any CPU
		{93EAD95A-90A1-4B93-8CDE-9A29DA21A4A2}.Debug|x64.ActiveCfg = Debug|Any CPU
		{93EAD95A-90A1-4B93-8CDE-9A29DA21A4A2}.Debug|x64.Build.0 = Debug|Any CPU
		{93EAD95A-90A1-4B93-8CDE-9A29DA21A4A2}.Debug|x86.ActiveCfg = Debug|Any CPU
		{93EAD95A-90A1-4B93-8CDE-9A29DA21A4A2}.Debug|x86.Build.0 = Debug|Any CPU
		{93EAD95A-90A1-4B93-8CDE-9A29DA21A4A2}.Release|Any CPU.ActiveCfg = Release|Any CPU
		{93EAD95A-90A1-4B93-8CDE-9A29DA21A4A2}.Release|Any CPU.Build.0 = Release|Any CPU
		{93EAD95A-90A1-4B93-8CDE-9A29DA21A4A2}.Release|x64.ActiveCfg = Release|Any CPU
		{93EAD95A-90A1-4B93-8CDE-9A29DA21A4A2}.Release|x64.Build.0 = Release|Any CPU
		{93EAD95A-90A1-4B93-8CDE-9A29DA21A4A2}.Release|x86.ActiveCfg = Release|Any CPU
		{93EAD95A-90A1-4B93-8CDE-9A29DA21A4A2}.Release|x86.Build.0 = Release|Any CPU
	EndGlobalSection
	GlobalSection(SolutionProperties) = preSolution
		HideSolutionNode = FALSE
	EndGlobalSection
	GlobalSection(ExtensibilityGlobals) = postSolution
		SolutionGuid = {A9D5BA96-BD66-40B4-B970-1C1E9FDF71AE}
	EndGlobalSection
EndGlobal
